
Microsoft Visual Studio Solution File, Format Version 12.00
# Visual Studio 15
Project("{FAE04EC0-301F-11D3-BF4B-00C04F79EFBC}") = "Unity.Timeline", "Unity.Timeline.csproj", "{C847E6A6-F54A-64AC-34D0-C9A2C6634097}"
EndProject
Project("{FAE04EC0-301F-11D3-BF4B-00C04F79EFBC}") = "Unity.RenderPipelines.GPUDriven.Runtime", "Unity.RenderPipelines.GPUDriven.Runtime.csproj", "{102971E1-8820-E229-D03B-BB8A4EB74681}"
EndProject
Project("{FAE04EC0-301F-11D3-BF4B-00C04F79EFBC}") = "Unity.PlasticSCM.Editor", "Unity.PlasticSCM.Editor.csproj", "{6A5F237C-001E-32B4-E546-842A26A67065}"
EndProject
Project("{FAE04EC0-301F-11D3-BF4B-00C04F79EFBC}") = "Unity.2D.Aseprite.Editor", "Unity.2D.Aseprite.Editor.csproj", "{853D53B8-4AB3-76D2-043F-AAB9A1019873}"
EndProject
Project("{FAE04EC0-301F-11D3-BF4B-00C04F79EFBC}") = "Unity.ShaderGraph.Editor", "Unity.ShaderGraph.Editor.csproj", "{1B615341-AFDF-CD59-E704-DB309194BF9A}"
EndProject
Project("{FAE04EC0-301F-11D3-BF4B-00C04F79EFBC}") = "Unity.RenderPipelines.Core.Runtime", "Unity.RenderPipelines.Core.Runtime.csproj", "{09959F46-700D-2DB5-218C-E72CB530AD4B}"
EndProject
Project("{FAE04EC0-301F-11D3-BF4B-00C04F79EFBC}") = "Unity.Mathematics", "Unity.Mathematics.csproj", "{4C453B19-63F5-C222-14F9-D42B2CEFB33B}"
EndProject
Project("{FAE04EC0-301F-11D3-BF4B-00C04F79EFBC}") = "Unity.Timeline.Editor", "Unity.Timeline.Editor.csproj", "{78D796DA-DFE6-CE78-4A70-6638C3985685}"
EndProject
Project("{FAE04EC0-301F-11D3-BF4B-00C04F79EFBC}") = "Unity.Multiplayer.Center.Editor", "Unity.Multiplayer.Center.Editor.csproj", "{08449A8D-F213-FA9F-6658-1B136ECA4029}"
EndProject
Project("{FAE04EC0-301F-11D3-BF4B-00C04F79EFBC}") = "Unity.RenderPipelines.Core.Editor", "Unity.RenderPipelines.Core.Editor.csproj", "{7453AA81-009F-F9D8-D31F-E989EC4DF720}"
EndProject
Project("{FAE04EC0-301F-11D3-BF4B-00C04F79EFBC}") = "Unity.2D.Psdimporter.Editor", "Unity.2D.Psdimporter.Editor.csproj", "{D3F7D2D0-7D7F-C743-9E24-C4B212C79D51}"
EndProject
Project("{FAE04EC0-301F-11D3-BF4B-00C04F79EFBC}") = "Unity.Collections", "Unity.Collections.csproj", "{7A367745-1B4B-B23C-CB80-1871316CA9B1}"
EndProject
Project("{FAE04EC0-301F-11D3-BF4B-00C04F79EFBC}") = "UnityEngine.UI", "UnityEngine.UI.csproj", "{E6DD1CE2-53D0-A371-589F-C12EB27A34D1}"
EndProject
Project("{FAE04EC0-301F-11D3-BF4B-00C04F79EFBC}") = "Unity.2D.IK.Runtime", "Unity.2D.IK.Runtime.csproj", "{A04DAF5F-99FB-6678-1E72-DEC419594CE3}"
EndProject
Project("{FAE04EC0-301F-11D3-BF4B-00C04F79EFBC}") = "Unity.RenderPipelines.Universal.2D.Runtime", "Unity.RenderPipelines.Universal.2D.Runtime.csproj", "{12E47FD9-55CB-FB8C-FDFC-E43618DBC3F3}"
EndProject
Project("{FAE04EC0-301F-11D3-BF4B-00C04F79EFBC}") = "Unity.VisualScripting.Core.Editor", "Unity.VisualScripting.Core.Editor.csproj", "{31A5D364-FAEF-F742-D82B-80F07C221EAD}"
EndProject
Project("{FAE04EC0-301F-11D3-BF4B-00C04F79EFBC}") = "Unity.RenderPipelines.Universal.Editor", "Unity.RenderPipelines.Universal.Editor.csproj", "{83BA63BB-4AB6-851A-9C21-7994BC5127C6}"
EndProject
Project("{FAE04EC0-301F-11D3-BF4B-00C04F79EFBC}") = "Unity.PerformanceTesting.Editor", "Unity.PerformanceTesting.Editor.csproj", "{9E8F559E-128E-BBDC-81B4-E5917BCB8C73}"
EndProject
Project("{FAE04EC0-301F-11D3-BF4B-00C04F79EFBC}") = "UnityEngine.TestRunner", "UnityEngine.TestRunner.csproj", "{5FEBD803-09BA-CDA4-B88D-CDD2152C2019}"
EndProject
Project("{FAE04EC0-301F-11D3-BF4B-00C04F79EFBC}") = "Unity.2D.Tilemap.Editor", "Unity.2D.Tilemap.Editor.csproj", "{98515382-2C2D-C9CD-0AD9-3C3D48F80C34}"
EndProject
Project("{FAE04EC0-301F-11D3-BF4B-00C04F79EFBC}") = "Unity.Burst", "Unity.Burst.csproj", "{768E4A8E-6E6C-771F-E398-BA47A9E5F100}"
EndProject
Project("{FAE04EC0-301F-11D3-BF4B-00C04F79EFBC}") = "Unity.VisualScripting.Flow.Editor", "Unity.VisualScripting.Flow.Editor.csproj", "{9831C78E-31A5-8418-C937-FEAAA6820DC0}"
EndProject
Project("{FAE04EC0-301F-11D3-BF4B-00C04F79EFBC}") = "Unity.2D.SpriteShape.Editor", "Unity.2D.SpriteShape.Editor.csproj", "{F915CF9A-5D50-5D2C-DF97-B805729F0C2A}"
EndProject
Project("{FAE04EC0-301F-11D3-BF4B-00C04F79EFBC}") = "Unity.VisualStudio.Editor", "Unity.VisualStudio.Editor.csproj", "{7AB76925-CD2D-10BF-CAB9-26EFA0706C49}"
EndProject
Project("{FAE04EC0-301F-11D3-BF4B-00C04F79EFBC}") = "Unity.InputSystem", "Unity.InputSystem.csproj", "{7C7F6E2F-D0BD-0144-06E9-EA748595EE3C}"
EndProject
Project("{FAE04EC0-301F-11D3-BF4B-00C04F79EFBC}") = "PPv2URPConverters", "PPv2URPConverters.csproj", "{2A5F0E09-950E-A402-7C10-C6415F8A6F52}"
EndProject
Project("{FAE04EC0-301F-11D3-BF4B-00C04F79EFBC}") = "Unity.2D.Animation.Editor", "Unity.2D.Animation.Editor.csproj", "{04365432-2649-7057-38EB-BC78A2B54ABC}"
EndProject
Project("{FAE04EC0-301F-11D3-BF4B-00C04F79EFBC}") = "Unity.Searcher.Editor", "Unity.Searcher.Editor.csproj", "{B05C5978-E73B-22E0-6578-33C1801C2456}"
EndProject
Project("{FAE04EC0-301F-11D3-BF4B-00C04F79EFBC}") = "Unity.2D.SpriteShape.Runtime", "Unity.2D.SpriteShape.Runtime.csproj", "{E6719209-E31C-C333-8C6F-C48E3F2FFE7D}"
EndProject
Project("{FAE04EC0-301F-11D3-BF4B-00C04F79EFBC}") = "UnityEditor.TestRunner", "UnityEditor.TestRunner.csproj", "{28244E7A-EE5A-F30C-9E52-2513A78741E6}"
EndProject
Project("{FAE04EC0-301F-11D3-BF4B-00C04F79EFBC}") = "Unity.VisualScripting.Core", "Unity.VisualScripting.Core.csproj", "{D1879308-8511-BF25-58ED-F4BE4C3BAB0D}"
EndProject
Project("{FAE04EC0-301F-11D3-BF4B-00C04F79EFBC}") = "Unity.RenderPipelines.Universal.Runtime", "Unity.RenderPipelines.Universal.Runtime.csproj", "{45DED33B-C8E7-C5F9-C7A3-821919BCC50E}"
EndProject
Project("{FAE04EC0-301F-11D3-BF4B-00C04F79EFBC}") = "Unity.CollabProxy.Editor", "Unity.CollabProxy.Editor.csproj", "{349A77EB-F641-568F-79C7-CBD4A9711C53}"
EndProject
Project("{FAE04EC0-301F-11D3-BF4B-00C04F79EFBC}") = "Unity.VisualScripting.State.Editor", "Unity.VisualScripting.State.Editor.csproj", "{D1B073B9-A67B-C6EC-81C8-47B5C80207EA}"
EndProject
Project("{FAE04EC0-301F-11D3-BF4B-00C04F79EFBC}") = "Unity.Burst.CodeGen", "Unity.Burst.CodeGen.csproj", "{8405323D-3DD5-99EC-29F8-6D219F8BDA6F}"
EndProject
Project("{FAE04EC0-301F-11D3-BF4B-00C04F79EFBC}") = "Unity.VisualScripting.Flow", "Unity.VisualScripting.Flow.csproj", "{66795794-C046-52AF-2EA7-EFE2698E9286}"
EndProject
Project("{FAE04EC0-301F-11D3-BF4B-00C04F79EFBC}") = "Unity.PerformanceTesting", "Unity.PerformanceTesting.csproj", "{2BAD1B54-7162-7043-420C-53CDBBBFE0CA}"
EndProject
Project("{FAE04EC0-301F-11D3-BF4B-00C04F79EFBC}") = "Unity.2D.Tilemap.Extras.Editor", "Unity.2D.Tilemap.Extras.Editor.csproj", "{E16938DE-6FD8-E7C8-11C4-C5FC6603F0FF}"
EndProject
Project("{FAE04EC0-301F-11D3-BF4B-00C04F79EFBC}") = "Unity.TextMeshPro", "Unity.TextMeshPro.csproj", "{6A314872-5BF0-2880-DD7C-3FF234194EE2}"
EndProject
Project("{FAE04EC0-301F-11D3-BF4B-00C04F79EFBC}") = "Unity.TextMeshPro.Editor", "Unity.TextMeshPro.Editor.csproj", "{746CD62A-AC03-6C2D-2017-87DF2D72B10E}"
EndProject
Project("{FAE04EC0-301F-11D3-BF4B-00C04F79EFBC}") = "Unity.Rendering.LightTransport.Runtime", "Unity.Rendering.LightTransport.Runtime.csproj", "{65CB6FA0-BC58-DAB3-FCB3-A30C57852D84}"
EndProject
Project("{FAE04EC0-301F-11D3-BF4B-00C04F79EFBC}") = "PsdPlugin", "PsdPlugin.csproj", "{FA51CCDC-8DC9-B146-9735-2795311C0F4A}"
EndProject
Project("{FAE04EC0-301F-11D3-BF4B-00C04F79EFBC}") = "Unity.2D.IK.Editor", "Unity.2D.IK.Editor.csproj", "{7D728E11-6F99-B649-1EBA-4E50C9BE56C8}"
EndProject
Project("{FAE04EC0-301F-11D3-BF4B-00C04F79EFBC}") = "Unity.InternalAPIEngineBridge.001", "Unity.InternalAPIEngineBridge.001.csproj", "{15635908-E320-AA2B-7CF5-567E1BE84920}"
EndProject
Project("{FAE04EC0-301F-11D3-BF4B-00C04F79EFBC}") = "Unity.2D.Aseprite.Common", "Unity.2D.Aseprite.Common.csproj", "{DCF9F72F-54DF-4CF6-9029-F9AB34274673}"
EndProject
Project("{FAE04EC0-301F-11D3-BF4B-00C04F79EFBC}") = "Unity.Burst.Editor", "Unity.Burst.Editor.csproj", "{1A90AAFC-4D92-5849-1A47-07DFE41FEBB2}"
EndProject
Project("{FAE04EC0-301F-11D3-BF4B-00C04F79EFBC}") = "Unity.2D.Common.Path.Editor", "Unity.2D.Common.Path.Editor.csproj", "{6090F16A-F896-5334-E07B-1F1D760CD68A}"
EndProject
Project("{FAE04EC0-301F-11D3-BF4B-00C04F79EFBC}") = "Unity.2D.Common.Editor", "Unity.2D.Common.Editor.csproj", "{594B97B4-2FED-2914-4C9E-9BA671715E5B}"
EndProject
Project("{FAE04EC0-301F-11D3-BF4B-00C04F79EFBC}") = "Unity.Rider.Editor", "Unity.Rider.Editor.csproj", "{CDA128AE-1419-DA91-676B-CB7DB386B997}"
EndProject
Project("{FAE04EC0-301F-11D3-BF4B-00C04F79EFBC}") = "Unity.VisualScripting.State", "Unity.VisualScripting.State.csproj", "{B197F1B1-58C4-DE5A-4544-48DC0D3F656E}"
EndProject
Project("{FAE04EC0-301F-11D3-BF4B-00C04F79EFBC}") = "Unity.InternalAPIEditorBridge.001", "Unity.InternalAPIEditorBridge.001.csproj", "{4D4B04F3-F341-7F3A-8B60-714B15171D74}"
EndProject
Project("{FAE04EC0-301F-11D3-BF4B-00C04F79EFBC}") = "UnityEditor.UI", "UnityEditor.UI.csproj", "{747FDBF6-F88F-7E74-D1EA-BD840D1E7BF5}"
EndProject
Project("{FAE04EC0-301F-11D3-BF4B-00C04F79EFBC}") = "Unity.2D.PixelPerfect.Editor", "Unity.2D.PixelPerfect.Editor.csproj", "{E5EA6813-56CD-562D-F943-AF1B490BCE69}"
EndProject
Project("{FAE04EC0-301F-11D3-BF4B-00C04F79EFBC}") = "Unity.2D.Sprite.Editor", "Unity.2D.Sprite.Editor.csproj", "{102CFC39-693D-0FC2-5AFA-E0F4722A1E8D}"
EndProject
Project("{FAE04EC0-301F-11D3-BF4B-00C04F79EFBC}") = "Unity.Multiplayer.Center.Common", "Unity.Multiplayer.Center.Common.csproj", "{05E4FD6B-91C3-CBEF-8423-2F70B62F1607}"
EndProject
Project("{FAE04EC0-301F-11D3-BF4B-00C04F79EFBC}") = "Unity.InputSystem.ForUI", "Unity.InputSystem.ForUI.csproj", "{DD9627D7-A162-EB07-DBF2-938FE329A647}"
EndProject
Project("{FAE04EC0-301F-11D3-BF4B-00C04F79EFBC}") = "Unity.Collections.CodeGen", "Unity.Collections.CodeGen.csproj", "{EC3E7AB3-3751-0CD1-9963-21725C81798E}"
EndProject
Project("{FAE04EC0-301F-11D3-BF4B-00C04F79EFBC}") = "Unity.2D.Tilemap.Extras", "Unity.2D.Tilemap.Extras.csproj", "{80B207A3-5F06-F798-399B-724CF3E0B4C9}"
EndProject
Project("{FAE04EC0-301F-11D3-BF4B-00C04F79EFBC}") = "Unity.2D.Animation.Runtime", "Unity.2D.Animation.Runtime.csproj", "{1FF0EEB2-2A0F-4833-9FD4-4963B245FBF8}"
EndProject
Project("{FAE04EC0-301F-11D3-BF4B-00C04F79EFBC}") = "Unity.Mathematics.Editor", "Unity.Mathematics.Editor.csproj", "{131D4F86-5C73-424A-E6B7-92622531BF3B}"
EndProject
Project("{FAE04EC0-301F-11D3-BF4B-00C04F79EFBC}") = "Unity.VisualScripting.SettingsProvider.Editor", "Unity.VisualScripting.SettingsProvider.Editor.csproj", "{C3F9086C-8C01-1B19-E694-2116C7FFB93F}"
EndProject
Project("{FAE04EC0-301F-11D3-BF4B-00C04F79EFBC}") = "Assembly-CSharp", "Assembly-CSharp.csproj", "{F898235E-F6FC-AF07-7F82-5BD9D7E5771F}"
EndProject
Project("{FAE04EC0-301F-11D3-BF4B-00C04F79EFBC}") = "Unity.InputSystem.TestFramework", "Unity.InputSystem.TestFramework.csproj", "{6FA3EA87-4AD4-C753-050F-F8C5416EF14F}"
EndProject
Project("{FAE04EC0-301F-11D3-BF4B-00C04F79EFBC}") = "Unity.ShaderGraph.Utilities", "Unity.ShaderGraph.Utilities.csproj", "{99D085BE-310E-EA21-4628-0E89C0EF6F69}"
EndProject
Project("{FAE04EC0-301F-11D3-BF4B-00C04F79EFBC}") = "Unity.VisualScripting.Shared.Editor", "Unity.VisualScripting.Shared.Editor.csproj", "{4DD44BB2-BE2E-773C-555C-8E9D49A134DE}"
EndProject
Project("{FAE04EC0-301F-11D3-BF4B-00C04F79EFBC}") = "Unity.RenderPipeline.Universal.ShaderLibrary", "Unity.RenderPipeline.Universal.ShaderLibrary.csproj", "{4F48AACC-B9E9-4D90-F9E4-79CDEEF963A3}"
EndProject
Project("{FAE04EC0-301F-11D3-BF4B-00C04F79EFBC}") = "Unity.2D.Common.Runtime", "Unity.2D.Common.Runtime.csproj", "{9981C42E-6B59-027E-2EA6-1D63DBA15BB0}"
EndProject
Project("{FAE04EC0-301F-11D3-BF4B-00C04F79EFBC}") = "Unity.2D.PixelPerfect", "Unity.2D.PixelPerfect.csproj", "{AE313A77-4479-C014-CB95-7DA6E0CB2814}"
EndProject
Project("{FAE04EC0-301F-11D3-BF4B-00C04F79EFBC}") = "Unity.Rendering.LightTransport.Editor", "Unity.Rendering.LightTransport.Editor.csproj", "{85AAD670-4789-05B5-D72D-840FB2897CF6}"
EndProject
Project("{FAE04EC0-301F-11D3-BF4B-00C04F79EFBC}") = "Unity.InputSystem.DocCodeSamples", "Unity.InputSystem.DocCodeSamples.csproj", "{707398B8-399F-2EE9-54BA-952F28D68852}"
EndProject
Project("{FAE04EC0-301F-11D3-BF4B-00C04F79EFBC}") = "Unity.RenderPipelines.Universal.Shaders", "Unity.RenderPipelines.Universal.Shaders.csproj", "{731EF8CD-5A4A-753F-8186-8CB45ABBE78A}"
EndProject
Project("{FAE04EC0-301F-11D3-BF4B-00C04F79EFBC}") = "Unity.RenderPipelines.Core.Runtime.Shared", "Unity.RenderPipelines.Core.Runtime.Shared.csproj", "{82CC493F-59FF-719C-533E-2EA055D84436}"
EndProject
Project("{FAE04EC0-301F-11D3-BF4B-00C04F79EFBC}") = "ScriptablePacker", "ScriptablePacker.csproj", "{46A5F04F-F2C3-BB3A-66A8-132145B42FD3}"
EndProject
Project("{FAE04EC0-301F-11D3-BF4B-00C04F79EFBC}") = "Unity.Collections.Editor", "Unity.Collections.Editor.csproj", "{95344AD7-F4B9-43F8-1170-23DB1464AC79}"
EndProject
Project("{FAE04EC0-301F-11D3-BF4B-00C04F79EFBC}") = "Unity.RenderPipelines.Universal.Config.Runtime", "Unity.RenderPipelines.Universal.Config.Runtime.csproj", "{C65BB12F-F3DC-FC59-502E-CBEAC7CC704C}"
EndProject
Project("{FAE04EC0-301F-11D3-BF4B-00C04F79EFBC}") = "Unity.RenderPipelines.ShaderGraph.ShaderGraphLibrary", "Unity.RenderPipelines.ShaderGraph.ShaderGraphLibrary.csproj", "{219B39C0-6BAE-32A6-EC30-E7863E2105FA}"
EndProject
Project("{FAE04EC0-301F-11D3-BF4B-00C04F79EFBC}") = "Unity.RenderPipelines.Core.ShaderLibrary", "Unity.RenderPipelines.Core.ShaderLibrary.csproj", "{7FA2E8A6-29D1-64CF-CE29-8DD4ED72EF9B}"
EndProject
Project("{FAE04EC0-301F-11D3-BF4B-00C04F79EFBC}") = "Unity.RenderPipelines.Core.Editor.Shared", "Unity.RenderPipelines.Core.Editor.Shared.csproj", "{848FFF5D-9D13-44B8-F2F8-3317770C8B5B}"
EndProject
Project("{FAE04EC0-301F-11D3-BF4B-00C04F79EFBC}") = "Unity.Timeline", "Unity.Timeline.Player.csproj", "{715CC798-6AD9-1480-2968-433EED92092E}"
EndProject
Project("{FAE04EC0-301F-11D3-BF4B-00C04F79EFBC}") = "Unity.RenderPipelines.GPUDriven.Runtime", "Unity.RenderPipelines.GPUDriven.Runtime.Player.csproj", "{ED6B215F-306E-F0BB-2715-971D94271EF0}"
EndProject
Project("{FAE04EC0-301F-11D3-BF4B-00C04F79EFBC}") = "Unity.RenderPipelines.Core.Runtime", "Unity.RenderPipelines.Core.Runtime.Player.csproj", "{BE3453C4-CA8C-A646-076F-DDF100295363}"
EndProject
Project("{FAE04EC0-301F-11D3-BF4B-00C04F79EFBC}") = "Unity.Mathematics", "Unity.Mathematics.Player.csproj", "{0FBBA187-CE17-99EB-DC72-E1518E91F4F0}"
EndProject
Project("{FAE04EC0-301F-11D3-BF4B-00C04F79EFBC}") = "Unity.Collections", "Unity.Collections.Player.csproj", "{3A7F74C7-6259-5560-834A-2FB26C2E519C}"
EndProject
Project("{FAE04EC0-301F-11D3-BF4B-00C04F79EFBC}") = "UnityEngine.UI", "UnityEngine.UI.Player.csproj", "{08510DAB-3FEE-D4D3-2A30-2D860D40C4F9}"
EndProject
Project("{FAE04EC0-301F-11D3-BF4B-00C04F79EFBC}") = "Unity.2D.IK.Runtime", "Unity.2D.IK.Runtime.Player.csproj", "{AA60A6A3-11DF-3A9C-69FD-8D8C2CE33219}"
EndProject
Project("{FAE04EC0-301F-11D3-BF4B-00C04F79EFBC}") = "Unity.RenderPipelines.Universal.2D.Runtime", "Unity.RenderPipelines.Universal.2D.Runtime.Player.csproj", "{7E9B7179-00C4-BF62-1513-F04B4AB60722}"
EndProject
Project("{FAE04EC0-301F-11D3-BF4B-00C04F79EFBC}") = "UnityEngine.TestRunner", "UnityEngine.TestRunner.Player.csproj", "{7ADF6E25-44A5-3DBC-4F1E-D51F52A9C2E5}"
EndProject
Project("{FAE04EC0-301F-11D3-BF4B-00C04F79EFBC}") = "Unity.Burst", "Unity.Burst.Player.csproj", "{C438BA49-9224-931B-BD33-2817BD51D9AE}"
EndProject
Project("{FAE04EC0-301F-11D3-BF4B-00C04F79EFBC}") = "Unity.InputSystem", "Unity.InputSystem.Player.csproj", "{428C0CD9-88FA-4C87-93F5-29A952FD7655}"
EndProject
Project("{FAE04EC0-301F-11D3-BF4B-00C04F79EFBC}") = "Unity.2D.SpriteShape.Runtime", "Unity.2D.SpriteShape.Runtime.Player.csproj", "{E4D1FFAB-BA26-5A3D-28B8-3C4DA3DD62E7}"
EndProject
Project("{FAE04EC0-301F-11D3-BF4B-00C04F79EFBC}") = "Unity.VisualScripting.Core", "Unity.VisualScripting.Core.Player.csproj", "{6903A831-FED6-E7E6-D73D-0AFC4DB68F5B}"
EndProject
Project("{FAE04EC0-301F-11D3-BF4B-00C04F79EFBC}") = "Unity.RenderPipelines.Universal.Runtime", "Unity.RenderPipelines.Universal.Runtime.Player.csproj", "{D101D634-9543-D10E-5329-8F04ABC67FB2}"
EndProject
Project("{FAE04EC0-301F-11D3-BF4B-00C04F79EFBC}") = "Unity.VisualScripting.Flow", "Unity.VisualScripting.Flow.Player.csproj", "{5CCB7A48-7727-3CD4-480F-A5E56E29AB56}"
EndProject
Project("{FAE04EC0-301F-11D3-BF4B-00C04F79EFBC}") = "Unity.PerformanceTesting", "Unity.PerformanceTesting.Player.csproj", "{2B134596-26B6-B218-0D17-3F7DC4B7AAE1}"
EndProject
Project("{FAE04EC0-301F-11D3-BF4B-00C04F79EFBC}") = "Unity.TextMeshPro", "Unity.TextMeshPro.Player.csproj", "{727D498D-E577-04A7-121E-24AED29426F0}"
EndProject
Project("{FAE04EC0-301F-11D3-BF4B-00C04F79EFBC}") = "Unity.Rendering.LightTransport.Runtime", "Unity.Rendering.LightTransport.Runtime.Player.csproj", "{4F317BE1-5136-1FC0-0F26-1180C8D4D60C}"
EndProject
Project("{FAE04EC0-301F-11D3-BF4B-00C04F79EFBC}") = "Unity.InternalAPIEngineBridge.001", "Unity.InternalAPIEngineBridge.001.Player.csproj", "{E825AE9C-94E4-0D8A-A6F3-FE1D5EB145E9}"
EndProject
Project("{FAE04EC0-301F-11D3-BF4B-00C04F79EFBC}") = "Unity.VisualScripting.State", "Unity.VisualScripting.State.Player.csproj", "{3478D24B-CFE9-24FC-3F0F-90444E9EAD16}"
EndProject
Project("{FAE04EC0-301F-11D3-BF4B-00C04F79EFBC}") = "Unity.Multiplayer.Center.Common", "Unity.Multiplayer.Center.Common.Player.csproj", "{A40CFC3B-E34F-9A91-A2BE-D1DF646EA0D5}"
EndProject
Project("{FAE04EC0-301F-11D3-BF4B-00C04F79EFBC}") = "Unity.InputSystem.ForUI", "Unity.InputSystem.ForUI.Player.csproj", "{943AEA2D-5794-091F-638C-EB106C886FC8}"
EndProject
Project("{FAE04EC0-301F-11D3-BF4B-00C04F79EFBC}") = "Unity.2D.Tilemap.Extras", "Unity.2D.Tilemap.Extras.Player.csproj", "{9F217200-474A-7763-9D7D-E7B84317A461}"
EndProject
Project("{FAE04EC0-301F-11D3-BF4B-00C04F79EFBC}") = "Unity.2D.Animation.Runtime", "Unity.2D.Animation.Runtime.Player.csproj", "{1A126B42-E83E-4CD4-4675-1AD2E3F9357C}"
EndProject
Project("{FAE04EC0-301F-11D3-BF4B-00C04F79EFBC}") = "Assembly-CSharp", "Assembly-CSharp.Player.csproj", "{BF251283-886E-65D0-9350-D74912D3E03E}"
EndProject
Project("{FAE04EC0-301F-11D3-BF4B-00C04F79EFBC}") = "Unity.InputSystem.TestFramework", "Unity.InputSystem.TestFramework.Player.csproj", "{4216206E-71EE-7638-842F-E22370EF34A2}"
EndProject
Project("{FAE04EC0-301F-11D3-BF4B-00C04F79EFBC}") = "Unity.RenderPipeline.Universal.ShaderLibrary", "Unity.RenderPipeline.Universal.ShaderLibrary.Player.csproj", "{AE889837-F2DC-3971-9AC7-A0E7D5B2C7DA}"
EndProject
Project("{FAE04EC0-301F-11D3-BF4B-00C04F79EFBC}") = "Unity.2D.Common.Runtime", "Unity.2D.Common.Runtime.Player.csproj", "{1AE2307B-BF90-EF48-3951-B4AD812B3BC6}"
EndProject
Project("{FAE04EC0-301F-11D3-BF4B-00C04F79EFBC}") = "Unity.2D.PixelPerfect", "Unity.2D.PixelPerfect.Player.csproj", "{3A87C4B4-DE6C-4BE7-337A-AEB262D25787}"
EndProject
Project("{FAE04EC0-301F-11D3-BF4B-00C04F79EFBC}") = "Unity.RenderPipelines.Universal.Shaders", "Unity.RenderPipelines.Universal.Shaders.Player.csproj", "{58499BCD-9E2C-67B7-E1B4-385F562FA742}"
EndProject
Project("{FAE04EC0-301F-11D3-BF4B-00C04F79EFBC}") = "Unity.RenderPipelines.Core.Runtime.Shared", "Unity.RenderPipelines.Core.Runtime.Shared.Player.csproj", "{07DBB47D-648D-DCDF-03C9-12AACE9AE4CC}"
EndProject
Project("{FAE04EC0-301F-11D3-BF4B-00C04F79EFBC}") = "Unity.RenderPipelines.Universal.Config.Runtime", "Unity.RenderPipelines.Universal.Config.Runtime.Player.csproj", "{EC18DAB2-A9C6-E208-443F-123D9938E24A}"
EndProject
Project("{FAE04EC0-301F-11D3-BF4B-00C04F79EFBC}") = "Unity.RenderPipelines.ShaderGraph.ShaderGraphLibrary", "Unity.RenderPipelines.ShaderGraph.ShaderGraphLibrary.Player.csproj", "{55484038-26E5-E2F7-C863-21F5DC770647}"
EndProject
Project("{FAE04EC0-301F-11D3-BF4B-00C04F79EFBC}") = "Unity.RenderPipelines.Core.ShaderLibrary", "Unity.RenderPipelines.Core.ShaderLibrary.Player.csproj", "{EDE8108E-E58F-C5B0-430A-D54C5D5009B0}"
EndProject
Global
	GlobalSection(SolutionConfigurationPlatforms) = preSolution
		Debug|Any CPU = Debug|Any CPU
		Release|Any CPU = Release|Any CPU
	EndGlobalSection
	GlobalSection(ProjectConfigurationPlatforms) = postSolution
		{C847E6A6-F54A-64AC-34D0-C9A2C6634097}.Debug|Any CPU.ActiveCfg = Debug|Any CPU
		{C847E6A6-F54A-64AC-34D0-C9A2C6634097}.Debug|Any CPU.Build.0 = Debug|Any CPU
		{C847E6A6-F54A-64AC-34D0-C9A2C6634097}.Release|Any CPU.ActiveCfg = Release|Any CPU
		{C847E6A6-F54A-64AC-34D0-C9A2C6634097}.Release|Any CPU.Build.0 = Release|Any CPU
		{102971E1-8820-E229-D03B-BB8A4EB74681}.Debug|Any CPU.ActiveCfg = Debug|Any CPU
		{102971E1-8820-E229-D03B-BB8A4EB74681}.Debug|Any CPU.Build.0 = Debug|Any CPU
		{102971E1-8820-E229-D03B-BB8A4EB74681}.Release|Any CPU.ActiveCfg = Release|Any CPU
		{102971E1-8820-E229-D03B-BB8A4EB74681}.Release|Any CPU.Build.0 = Release|Any CPU
		{6A5F237C-001E-32B4-E546-842A26A67065}.Debug|Any CPU.ActiveCfg = Debug|Any CPU
		{6A5F237C-001E-32B4-E546-842A26A67065}.Debug|Any CPU.Build.0 = Debug|Any CPU
		{6A5F237C-001E-32B4-E546-842A26A67065}.Release|Any CPU.ActiveCfg = Release|Any CPU
		{6A5F237C-001E-32B4-E546-842A26A67065}.Release|Any CPU.Build.0 = Release|Any CPU
		{853D53B8-4AB3-76D2-043F-AAB9A1019873}.Debug|Any CPU.ActiveCfg = Debug|Any CPU
		{853D53B8-4AB3-76D2-043F-AAB9A1019873}.Debug|Any CPU.Build.0 = Debug|Any CPU
		{853D53B8-4AB3-76D2-043F-AAB9A1019873}.Release|Any CPU.ActiveCfg = Release|Any CPU
		{853D53B8-4AB3-76D2-043F-AAB9A1019873}.Release|Any CPU.Build.0 = Release|Any CPU
		{1B615341-AFDF-CD59-E704-DB309194BF9A}.Debug|Any CPU.ActiveCfg = Debug|Any CPU
		{1B615341-AFDF-CD59-E704-DB309194BF9A}.Debug|Any CPU.Build.0 = Debug|Any CPU
		{1B615341-AFDF-CD59-E704-DB309194BF9A}.Release|Any CPU.ActiveCfg = Release|Any CPU
		{1B615341-AFDF-CD59-E704-DB309194BF9A}.Release|Any CPU.Build.0 = Release|Any CPU
		{09959F46-700D-2DB5-218C-E72CB530AD4B}.Debug|Any CPU.ActiveCfg = Debug|Any CPU
		{09959F46-700D-2DB5-218C-E72CB530AD4B}.Debug|Any CPU.Build.0 = Debug|Any CPU
		{09959F46-700D-2DB5-218C-E72CB530AD4B}.Release|Any CPU.ActiveCfg = Release|Any CPU
		{09959F46-700D-2DB5-218C-E72CB530AD4B}.Release|Any CPU.Build.0 = Release|Any CPU
		{4C453B19-63F5-C222-14F9-D42B2CEFB33B}.Debug|Any CPU.ActiveCfg = Debug|Any CPU
		{4C453B19-63F5-C222-14F9-D42B2CEFB33B}.Debug|Any CPU.Build.0 = Debug|Any CPU
		{4C453B19-63F5-C222-14F9-D42B2CEFB33B}.Release|Any CPU.ActiveCfg = Release|Any CPU
		{4C453B19-63F5-C222-14F9-D42B2CEFB33B}.Release|Any CPU.Build.0 = Release|Any CPU
		{78D796DA-DFE6-CE78-4A70-6638C3985685}.Debug|Any CPU.ActiveCfg = Debug|Any CPU
		{78D796DA-DFE6-CE78-4A70-6638C3985685}.Debug|Any CPU.Build.0 = Debug|Any CPU
		{78D796DA-DFE6-CE78-4A70-6638C3985685}.Release|Any CPU.ActiveCfg = Release|Any CPU
		{78D796DA-DFE6-CE78-4A70-6638C3985685}.Release|Any CPU.Build.0 = Release|Any CPU
		{08449A8D-F213-FA9F-6658-1B136ECA4029}.Debug|Any CPU.ActiveCfg = Debug|Any CPU
		{08449A8D-F213-FA9F-6658-1B136ECA4029}.Debug|Any CPU.Build.0 = Debug|Any CPU
		{08449A8D-F213-FA9F-6658-1B136ECA4029}.Release|Any CPU.ActiveCfg = Release|Any CPU
		{08449A8D-F213-FA9F-6658-1B136ECA4029}.Release|Any CPU.Build.0 = Release|Any CPU
		{7453AA81-009F-F9D8-D31F-E989EC4DF720}.Debug|Any CPU.ActiveCfg = Debug|Any CPU
		{7453AA81-009F-F9D8-D31F-E989EC4DF720}.Debug|Any CPU.Build.0 = Debug|Any CPU
		{7453AA81-009F-F9D8-D31F-E989EC4DF720}.Release|Any CPU.ActiveCfg = Release|Any CPU
		{7453AA81-009F-F9D8-D31F-E989EC4DF720}.Release|Any CPU.Build.0 = Release|Any CPU
		{D3F7D2D0-7D7F-C743-9E24-C4B212C79D51}.Debug|Any CPU.ActiveCfg = Debug|Any CPU
		{D3F7D2D0-7D7F-C743-9E24-C4B212C79D51}.Debug|Any CPU.Build.0 = Debug|Any CPU
		{D3F7D2D0-7D7F-C743-9E24-C4B212C79D51}.Release|Any CPU.ActiveCfg = Release|Any CPU
		{D3F7D2D0-7D7F-C743-9E24-C4B212C79D51}.Release|Any CPU.Build.0 = Release|Any CPU
		{7A367745-1B4B-B23C-CB80-1871316CA9B1}.Debug|Any CPU.ActiveCfg = Debug|Any CPU
		{7A367745-1B4B-B23C-CB80-1871316CA9B1}.Debug|Any CPU.Build.0 = Debug|Any CPU
		{7A367745-1B4B-B23C-CB80-1871316CA9B1}.Release|Any CPU.ActiveCfg = Release|Any CPU
		{7A367745-1B4B-B23C-CB80-1871316CA9B1}.Release|Any CPU.Build.0 = Release|Any CPU
		{E6DD1CE2-53D0-A371-589F-C12EB27A34D1}.Debug|Any CPU.ActiveCfg = Debug|Any CPU
		{E6DD1CE2-53D0-A371-589F-C12EB27A34D1}.Debug|Any CPU.Build.0 = Debug|Any CPU
		{E6DD1CE2-53D0-A371-589F-C12EB27A34D1}.Release|Any CPU.ActiveCfg = Release|Any CPU
		{E6DD1CE2-53D0-A371-589F-C12EB27A34D1}.Release|Any CPU.Build.0 = Release|Any CPU
		{A04DAF5F-99FB-6678-1E72-DEC419594CE3}.Debug|Any CPU.ActiveCfg = Debug|Any CPU
		{A04DAF5F-99FB-6678-1E72-DEC419594CE3}.Debug|Any CPU.Build.0 = Debug|Any CPU
		{A04DAF5F-99FB-6678-1E72-DEC419594CE3}.Release|Any CPU.ActiveCfg = Release|Any CPU
		{A04DAF5F-99FB-6678-1E72-DEC419594CE3}.Release|Any CPU.Build.0 = Release|Any CPU
		{12E47FD9-55CB-FB8C-FDFC-E43618DBC3F3}.Debug|Any CPU.ActiveCfg = Debug|Any CPU
		{12E47FD9-55CB-FB8C-FDFC-E43618DBC3F3}.Debug|Any CPU.Build.0 = Debug|Any CPU
		{12E47FD9-55CB-FB8C-FDFC-E43618DBC3F3}.Release|Any CPU.ActiveCfg = Release|Any CPU
		{12E47FD9-55CB-FB8C-FDFC-E43618DBC3F3}.Release|Any CPU.Build.0 = Release|Any CPU
		{31A5D364-FAEF-F742-D82B-80F07C221EAD}.Debug|Any CPU.ActiveCfg = Debug|Any CPU
		{31A5D364-FAEF-F742-D82B-80F07C221EAD}.Debug|Any CPU.Build.0 = Debug|Any CPU
		{31A5D364-FAEF-F742-D82B-80F07C221EAD}.Release|Any CPU.ActiveCfg = Release|Any CPU
		{31A5D364-FAEF-F742-D82B-80F07C221EAD}.Release|Any CPU.Build.0 = Release|Any CPU
		{83BA63BB-4AB6-851A-9C21-7994BC5127C6}.Debug|Any CPU.ActiveCfg = Debug|Any CPU
		{83BA63BB-4AB6-851A-9C21-7994BC5127C6}.Debug|Any CPU.Build.0 = Debug|Any CPU
		{83BA63BB-4AB6-851A-9C21-7994BC5127C6}.Release|Any CPU.ActiveCfg = Release|Any CPU
		{83BA63BB-4AB6-851A-9C21-7994BC5127C6}.Release|Any CPU.Build.0 = Release|Any CPU
		{9E8F559E-128E-BBDC-81B4-E5917BCB8C73}.Debug|Any CPU.ActiveCfg = Debug|Any CPU
		{9E8F559E-128E-BBDC-81B4-E5917BCB8C73}.Debug|Any CPU.Build.0 = Debug|Any CPU
		{9E8F559E-128E-BBDC-81B4-E5917BCB8C73}.Release|Any CPU.ActiveCfg = Release|Any CPU
		{9E8F559E-128E-BBDC-81B4-E5917BCB8C73}.Release|Any CPU.Build.0 = Release|Any CPU
		{5FEBD803-09BA-CDA4-B88D-CDD2152C2019}.Debug|Any CPU.ActiveCfg = Debug|Any CPU
		{5FEBD803-09BA-CDA4-B88D-CDD2152C2019}.Debug|Any CPU.Build.0 = Debug|Any CPU
		{5FEBD803-09BA-CDA4-B88D-CDD2152C2019}.Release|Any CPU.ActiveCfg = Release|Any CPU
		{5FEBD803-09BA-CDA4-B88D-CDD2152C2019}.Release|Any CPU.Build.0 = Release|Any CPU
		{98515382-2C2D-C9CD-0AD9-3C3D48F80C34}.Debug|Any CPU.ActiveCfg = Debug|Any CPU
		{98515382-2C2D-C9CD-0AD9-3C3D48F80C34}.Debug|Any CPU.Build.0 = Debug|Any CPU
		{98515382-2C2D-C9CD-0AD9-3C3D48F80C34}.Release|Any CPU.ActiveCfg = Release|Any CPU
		{98515382-2C2D-C9CD-0AD9-3C3D48F80C34}.Release|Any CPU.Build.0 = Release|Any CPU
		{768E4A8E-6E6C-771F-E398-BA47A9E5F100}.Debug|Any CPU.ActiveCfg = Debug|Any CPU
		{768E4A8E-6E6C-771F-E398-BA47A9E5F100}.Debug|Any CPU.Build.0 = Debug|Any CPU
		{768E4A8E-6E6C-771F-E398-BA47A9E5F100}.Release|Any CPU.ActiveCfg = Release|Any CPU
		{768E4A8E-6E6C-771F-E398-BA47A9E5F100}.Release|Any CPU.Build.0 = Release|Any CPU
		{9831C78E-31A5-8418-C937-FEAAA6820DC0}.Debug|Any CPU.ActiveCfg = Debug|Any CPU
		{9831C78E-31A5-8418-C937-FEAAA6820DC0}.Debug|Any CPU.Build.0 = Debug|Any CPU
		{9831C78E-31A5-8418-C937-FEAAA6820DC0}.Release|Any CPU.ActiveCfg = Release|Any CPU
		{9831C78E-31A5-8418-C937-FEAAA6820DC0}.Release|Any CPU.Build.0 = Release|Any CPU
		{F915CF9A-5D50-5D2C-DF97-B805729F0C2A}.Debug|Any CPU.ActiveCfg = Debug|Any CPU
		{F915CF9A-5D50-5D2C-DF97-B805729F0C2A}.Debug|Any CPU.Build.0 = Debug|Any CPU
		{F915CF9A-5D50-5D2C-DF97-B805729F0C2A}.Release|Any CPU.ActiveCfg = Release|Any CPU
		{F915CF9A-5D50-5D2C-DF97-B805729F0C2A}.Release|Any CPU.Build.0 = Release|Any CPU
		{7AB76925-CD2D-10BF-CAB9-26EFA0706C49}.Debug|Any CPU.ActiveCfg = Debug|Any CPU
		{7AB76925-CD2D-10BF-CAB9-26EFA0706C49}.Debug|Any CPU.Build.0 = Debug|Any CPU
		{7AB76925-CD2D-10BF-CAB9-26EFA0706C49}.Release|Any CPU.ActiveCfg = Release|Any CPU
		{7AB76925-CD2D-10BF-CAB9-26EFA0706C49}.Release|Any CPU.Build.0 = Release|Any CPU
		{7C7F6E2F-D0BD-0144-06E9-EA748595EE3C}.Debug|Any CPU.ActiveCfg = Debug|Any CPU
		{7C7F6E2F-D0BD-0144-06E9-EA748595EE3C}.Debug|Any CPU.Build.0 = Debug|Any CPU
		{7C7F6E2F-D0BD-0144-06E9-EA748595EE3C}.Release|Any CPU.ActiveCfg = Release|Any CPU
		{7C7F6E2F-D0BD-0144-06E9-EA748595EE3C}.Release|Any CPU.Build.0 = Release|Any CPU
		{2A5F0E09-950E-A402-7C10-C6415F8A6F52}.Debug|Any CPU.ActiveCfg = Debug|Any CPU
		{2A5F0E09-950E-A402-7C10-C6415F8A6F52}.Debug|Any CPU.Build.0 = Debug|Any CPU
		{2A5F0E09-950E-A402-7C10-C6415F8A6F52}.Release|Any CPU.ActiveCfg = Release|Any CPU
		{2A5F0E09-950E-A402-7C10-C6415F8A6F52}.Release|Any CPU.Build.0 = Release|Any CPU
		{04365432-2649-7057-38EB-BC78A2B54ABC}.Debug|Any CPU.ActiveCfg = Debug|Any CPU
		{04365432-2649-7057-38EB-BC78A2B54ABC}.Debug|Any CPU.Build.0 = Debug|Any CPU
		{04365432-2649-7057-38EB-BC78A2B54ABC}.Release|Any CPU.ActiveCfg = Release|Any CPU
		{04365432-2649-7057-38EB-BC78A2B54ABC}.Release|Any CPU.Build.0 = Release|Any CPU
		{B05C5978-E73B-22E0-6578-33C1801C2456}.Debug|Any CPU.ActiveCfg = Debug|Any CPU
		{B05C5978-E73B-22E0-6578-33C1801C2456}.Debug|Any CPU.Build.0 = Debug|Any CPU
		{B05C5978-E73B-22E0-6578-33C1801C2456}.Release|Any CPU.ActiveCfg = Release|Any CPU
		{B05C5978-E73B-22E0-6578-33C1801C2456}.Release|Any CPU.Build.0 = Release|Any CPU
		{E6719209-E31C-C333-8C6F-C48E3F2FFE7D}.Debug|Any CPU.ActiveCfg = Debug|Any CPU
		{E6719209-E31C-C333-8C6F-C48E3F2FFE7D}.Debug|Any CPU.Build.0 = Debug|Any CPU
		{E6719209-E31C-C333-8C6F-C48E3F2FFE7D}.Release|Any CPU.ActiveCfg = Release|Any CPU
		{E6719209-E31C-C333-8C6F-C48E3F2FFE7D}.Release|Any CPU.Build.0 = Release|Any CPU
		{28244E7A-EE5A-F30C-9E52-2513A78741E6}.Debug|Any CPU.ActiveCfg = Debug|Any CPU
		{28244E7A-EE5A-F30C-9E52-2513A78741E6}.Debug|Any CPU.Build.0 = Debug|Any CPU
		{28244E7A-EE5A-F30C-9E52-2513A78741E6}.Release|Any CPU.ActiveCfg = Release|Any CPU
		{28244E7A-EE5A-F30C-9E52-2513A78741E6}.Release|Any CPU.Build.0 = Release|Any CPU
		{D1879308-8511-BF25-58ED-F4BE4C3BAB0D}.Debug|Any CPU.ActiveCfg = Debug|Any CPU
		{D1879308-8511-BF25-58ED-F4BE4C3BAB0D}.Debug|Any CPU.Build.0 = Debug|Any CPU
		{D1879308-8511-BF25-58ED-F4BE4C3BAB0D}.Release|Any CPU.ActiveCfg = Release|Any CPU
		{D1879308-8511-BF25-58ED-F4BE4C3BAB0D}.Release|Any CPU.Build.0 = Release|Any CPU
		{45DED33B-C8E7-C5F9-C7A3-821919BCC50E}.Debug|Any CPU.ActiveCfg = Debug|Any CPU
		{45DED33B-C8E7-C5F9-C7A3-821919BCC50E}.Debug|Any CPU.Build.0 = Debug|Any CPU
		{45DED33B-C8E7-C5F9-C7A3-821919BCC50E}.Release|Any CPU.ActiveCfg = Release|Any CPU
		{45DED33B-C8E7-C5F9-C7A3-821919BCC50E}.Release|Any CPU.Build.0 = Release|Any CPU
		{349A77EB-F641-568F-79C7-CBD4A9711C53}.Debug|Any CPU.ActiveCfg = Debug|Any CPU
		{349A77EB-F641-568F-79C7-CBD4A9711C53}.Debug|Any CPU.Build.0 = Debug|Any CPU
		{349A77EB-F641-568F-79C7-CBD4A9711C53}.Release|Any CPU.ActiveCfg = Release|Any CPU
		{349A77EB-F641-568F-79C7-CBD4A9711C53}.Release|Any CPU.Build.0 = Release|Any CPU
		{D1B073B9-A67B-C6EC-81C8-47B5C80207EA}.Debug|Any CPU.ActiveCfg = Debug|Any CPU
		{D1B073B9-A67B-C6EC-81C8-47B5C80207EA}.Debug|Any CPU.Build.0 = Debug|Any CPU
		{D1B073B9-A67B-C6EC-81C8-47B5C80207EA}.Release|Any CPU.ActiveCfg = Release|Any CPU
		{D1B073B9-A67B-C6EC-81C8-47B5C80207EA}.Release|Any CPU.Build.0 = Release|Any CPU
		{8405323D-3DD5-99EC-29F8-6D219F8BDA6F}.Debug|Any CPU.ActiveCfg = Debug|Any CPU
		{8405323D-3DD5-99EC-29F8-6D219F8BDA6F}.Debug|Any CPU.Build.0 = Debug|Any CPU
		{8405323D-3DD5-99EC-29F8-6D219F8BDA6F}.Release|Any CPU.ActiveCfg = Release|Any CPU
		{8405323D-3DD5-99EC-29F8-6D219F8BDA6F}.Release|Any CPU.Build.0 = Release|Any CPU
		{66795794-C046-52AF-2EA7-EFE2698E9286}.Debug|Any CPU.ActiveCfg = Debug|Any CPU
		{66795794-C046-52AF-2EA7-EFE2698E9286}.Debug|Any CPU.Build.0 = Debug|Any CPU
		{66795794-C046-52AF-2EA7-EFE2698E9286}.Release|Any CPU.ActiveCfg = Release|Any CPU
		{66795794-C046-52AF-2EA7-EFE2698E9286}.Release|Any CPU.Build.0 = Release|Any CPU
		{2BAD1B54-7162-7043-420C-53CDBBBFE0CA}.Debug|Any CPU.ActiveCfg = Debug|Any CPU
		{2BAD1B54-7162-7043-420C-53CDBBBFE0CA}.Debug|Any CPU.Build.0 = Debug|Any CPU
		{2BAD1B54-7162-7043-420C-53CDBBBFE0CA}.Release|Any CPU.ActiveCfg = Release|Any CPU
		{2BAD1B54-7162-7043-420C-53CDBBBFE0CA}.Release|Any CPU.Build.0 = Release|Any CPU
		{E16938DE-6FD8-E7C8-11C4-C5FC6603F0FF}.Debug|Any CPU.ActiveCfg = Debug|Any CPU
		{E16938DE-6FD8-E7C8-11C4-C5FC6603F0FF}.Debug|Any CPU.Build.0 = Debug|Any CPU
		{E16938DE-6FD8-E7C8-11C4-C5FC6603F0FF}.Release|Any CPU.ActiveCfg = Release|Any CPU
		{E16938DE-6FD8-E7C8-11C4-C5FC6603F0FF}.Release|Any CPU.Build.0 = Release|Any CPU
		{6A314872-5BF0-2880-DD7C-3FF234194EE2}.Debug|Any CPU.ActiveCfg = Debug|Any CPU
		{6A314872-5BF0-2880-DD7C-3FF234194EE2}.Debug|Any CPU.Build.0 = Debug|Any CPU
		{6A314872-5BF0-2880-DD7C-3FF234194EE2}.Release|Any CPU.ActiveCfg = Release|Any CPU
		{6A314872-5BF0-2880-DD7C-3FF234194EE2}.Release|Any CPU.Build.0 = Release|Any CPU
		{746CD62A-AC03-6C2D-2017-87DF2D72B10E}.Debug|Any CPU.ActiveCfg = Debug|Any CPU
		{746CD62A-AC03-6C2D-2017-87DF2D72B10E}.Debug|Any CPU.Build.0 = Debug|Any CPU
		{746CD62A-AC03-6C2D-2017-87DF2D72B10E}.Release|Any CPU.ActiveCfg = Release|Any CPU
		{746CD62A-AC03-6C2D-2017-87DF2D72B10E}.Release|Any CPU.Build.0 = Release|Any CPU
		{65CB6FA0-BC58-DAB3-FCB3-A30C57852D84}.Debug|Any CPU.ActiveCfg = Debug|Any CPU
		{65CB6FA0-BC58-DAB3-FCB3-A30C57852D84}.Debug|Any CPU.Build.0 = Debug|Any CPU
		{65CB6FA0-BC58-DAB3-FCB3-A30C57852D84}.Release|Any CPU.ActiveCfg = Release|Any CPU
		{65CB6FA0-BC58-DAB3-FCB3-A30C57852D84}.Release|Any CPU.Build.0 = Release|Any CPU
		{FA51CCDC-8DC9-B146-9735-2795311C0F4A}.Debug|Any CPU.ActiveCfg = Debug|Any CPU
		{FA51CCDC-8DC9-B146-9735-2795311C0F4A}.Debug|Any CPU.Build.0 = Debug|Any CPU
		{FA51CCDC-8DC9-B146-9735-2795311C0F4A}.Release|Any CPU.ActiveCfg = Release|Any CPU
		{FA51CCDC-8DC9-B146-9735-2795311C0F4A}.Release|Any CPU.Build.0 = Release|Any CPU
		{7D728E11-6F99-B649-1EBA-4E50C9BE56C8}.Debug|Any CPU.ActiveCfg = Debug|Any CPU
		{7D728E11-6F99-B649-1EBA-4E50C9BE56C8}.Debug|Any CPU.Build.0 = Debug|Any CPU
		{7D728E11-6F99-B649-1EBA-4E50C9BE56C8}.Release|Any CPU.ActiveCfg = Release|Any CPU
		{7D728E11-6F99-B649-1EBA-4E50C9BE56C8}.Release|Any CPU.Build.0 = Release|Any CPU
		{15635908-E320-AA2B-7CF5-567E1BE84920}.Debug|Any CPU.ActiveCfg = Debug|Any CPU
		{15635908-E320-AA2B-7CF5-567E1BE84920}.Debug|Any CPU.Build.0 = Debug|Any CPU
		{15635908-E320-AA2B-7CF5-567E1BE84920}.Release|Any CPU.ActiveCfg = Release|Any CPU
		{15635908-E320-AA2B-7CF5-567E1BE84920}.Release|Any CPU.Build.0 = Release|Any CPU
		{DCF9F72F-54DF-4CF6-9029-F9AB34274673}.Debug|Any CPU.ActiveCfg = Debug|Any CPU
		{DCF9F72F-54DF-4CF6-9029-F9AB34274673}.Debug|Any CPU.Build.0 = Debug|Any CPU
		{DCF9F72F-54DF-4CF6-9029-F9AB34274673}.Release|Any CPU.ActiveCfg = Release|Any CPU
		{DCF9F72F-54DF-4CF6-9029-F9AB34274673}.Release|Any CPU.Build.0 = Release|Any CPU
		{1A90AAFC-4D92-5849-1A47-07DFE41FEBB2}.Debug|Any CPU.ActiveCfg = Debug|Any CPU
		{1A90AAFC-4D92-5849-1A47-07DFE41FEBB2}.Debug|Any CPU.Build.0 = Debug|Any CPU
		{1A90AAFC-4D92-5849-1A47-07DFE41FEBB2}.Release|Any CPU.ActiveCfg = Release|Any CPU
		{1A90AAFC-4D92-5849-1A47-07DFE41FEBB2}.Release|Any CPU.Build.0 = Release|Any CPU
		{6090F16A-F896-5334-E07B-1F1D760CD68A}.Debug|Any CPU.ActiveCfg = Debug|Any CPU
		{6090F16A-F896-5334-E07B-1F1D760CD68A}.Debug|Any CPU.Build.0 = Debug|Any CPU
		{6090F16A-F896-5334-E07B-1F1D760CD68A}.Release|Any CPU.ActiveCfg = Release|Any CPU
		{6090F16A-F896-5334-E07B-1F1D760CD68A}.Release|Any CPU.Build.0 = Release|Any CPU
		{594B97B4-2FED-2914-4C9E-9BA671715E5B}.Debug|Any CPU.ActiveCfg = Debug|Any CPU
		{594B97B4-2FED-2914-4C9E-9BA671715E5B}.Debug|Any CPU.Build.0 = Debug|Any CPU
		{594B97B4-2FED-2914-4C9E-9BA671715E5B}.Release|Any CPU.ActiveCfg = Release|Any CPU
		{594B97B4-2FED-2914-4C9E-9BA671715E5B}.Release|Any CPU.Build.0 = Release|Any CPU
		{CDA128AE-1419-DA91-676B-CB7DB386B997}.Debug|Any CPU.ActiveCfg = Debug|Any CPU
		{CDA128AE-1419-DA91-676B-CB7DB386B997}.Debug|Any CPU.Build.0 = Debug|Any CPU
		{CDA128AE-1419-DA91-676B-CB7DB386B997}.Release|Any CPU.ActiveCfg = Release|Any CPU
		{CDA128AE-1419-DA91-676B-CB7DB386B997}.Release|Any CPU.Build.0 = Release|Any CPU
		{B197F1B1-58C4-DE5A-4544-48DC0D3F656E}.Debug|Any CPU.ActiveCfg = Debug|Any CPU
		{B197F1B1-58C4-DE5A-4544-48DC0D3F656E}.Debug|Any CPU.Build.0 = Debug|Any CPU
		{B197F1B1-58C4-DE5A-4544-48DC0D3F656E}.Release|Any CPU.ActiveCfg = Release|Any CPU
		{B197F1B1-58C4-DE5A-4544-48DC0D3F656E}.Release|Any CPU.Build.0 = Release|Any CPU
		{4D4B04F3-F341-7F3A-8B60-714B15171D74}.Debug|Any CPU.ActiveCfg = Debug|Any CPU
		{4D4B04F3-F341-7F3A-8B60-714B15171D74}.Debug|Any CPU.Build.0 = Debug|Any CPU
		{4D4B04F3-F341-7F3A-8B60-714B15171D74}.Release|Any CPU.ActiveCfg = Release|Any CPU
		{4D4B04F3-F341-7F3A-8B60-714B15171D74}.Release|Any CPU.Build.0 = Release|Any CPU
		{747FDBF6-F88F-7E74-D1EA-BD840D1E7BF5}.Debug|Any CPU.ActiveCfg = Debug|Any CPU
		{747FDBF6-F88F-7E74-D1EA-BD840D1E7BF5}.Debug|Any CPU.Build.0 = Debug|Any CPU
		{747FDBF6-F88F-7E74-D1EA-BD840D1E7BF5}.Release|Any CPU.ActiveCfg = Release|Any CPU
		{747FDBF6-F88F-7E74-D1EA-BD840D1E7BF5}.Release|Any CPU.Build.0 = Release|Any CPU
		{E5EA6813-56CD-562D-F943-AF1B490BCE69}.Debug|Any CPU.ActiveCfg = Debug|Any CPU
		{E5EA6813-56CD-562D-F943-AF1B490BCE69}.Debug|Any CPU.Build.0 = Debug|Any CPU
		{E5EA6813-56CD-562D-F943-AF1B490BCE69}.Release|Any CPU.ActiveCfg = Release|Any CPU
		{E5EA6813-56CD-562D-F943-AF1B490BCE69}.Release|Any CPU.Build.0 = Release|Any CPU
		{102CFC39-693D-0FC2-5AFA-E0F4722A1E8D}.Debug|Any CPU.ActiveCfg = Debug|Any CPU
		{102CFC39-693D-0FC2-5AFA-E0F4722A1E8D}.Debug|Any CPU.Build.0 = Debug|Any CPU
		{102CFC39-693D-0FC2-5AFA-E0F4722A1E8D}.Release|Any CPU.ActiveCfg = Release|Any CPU
		{102CFC39-693D-0FC2-5AFA-E0F4722A1E8D}.Release|Any CPU.Build.0 = Release|Any CPU
		{05E4FD6B-91C3-CBEF-8423-2F70B62F1607}.Debug|Any CPU.ActiveCfg = Debug|Any CPU
		{05E4FD6B-91C3-CBEF-8423-2F70B62F1607}.Debug|Any CPU.Build.0 = Debug|Any CPU
		{05E4FD6B-91C3-CBEF-8423-2F70B62F1607}.Release|Any CPU.ActiveCfg = Release|Any CPU
		{05E4FD6B-91C3-CBEF-8423-2F70B62F1607}.Release|Any CPU.Build.0 = Release|Any CPU
		{DD9627D7-A162-EB07-DBF2-938FE329A647}.Debug|Any CPU.ActiveCfg = Debug|Any CPU
		{DD9627D7-A162-EB07-DBF2-938FE329A647}.Debug|Any CPU.Build.0 = Debug|Any CPU
		{DD9627D7-A162-EB07-DBF2-938FE329A647}.Release|Any CPU.ActiveCfg = Release|Any CPU
		{DD9627D7-A162-EB07-DBF2-938FE329A647}.Release|Any CPU.Build.0 = Release|Any CPU
		{EC3E7AB3-3751-0CD1-9963-21725C81798E}.Debug|Any CPU.ActiveCfg = Debug|Any CPU
		{EC3E7AB3-3751-0CD1-9963-21725C81798E}.Debug|Any CPU.Build.0 = Debug|Any CPU
		{EC3E7AB3-3751-0CD1-9963-21725C81798E}.Release|Any CPU.ActiveCfg = Release|Any CPU
		{EC3E7AB3-3751-0CD1-9963-21725C81798E}.Release|Any CPU.Build.0 = Release|Any CPU
		{80B207A3-5F06-F798-399B-724CF3E0B4C9}.Debug|Any CPU.ActiveCfg = Debug|Any CPU
		{80B207A3-5F06-F798-399B-724CF3E0B4C9}.Debug|Any CPU.Build.0 = Debug|Any CPU
		{80B207A3-5F06-F798-399B-724CF3E0B4C9}.Release|Any CPU.ActiveCfg = Release|Any CPU
		{80B207A3-5F06-F798-399B-724CF3E0B4C9}.Release|Any CPU.Build.0 = Release|Any CPU
		{1FF0EEB2-2A0F-4833-9FD4-4963B245FBF8}.Debug|Any CPU.ActiveCfg = Debug|Any CPU
		{1FF0EEB2-2A0F-4833-9FD4-4963B245FBF8}.Debug|Any CPU.Build.0 = Debug|Any CPU
		{1FF0EEB2-2A0F-4833-9FD4-4963B245FBF8}.Release|Any CPU.ActiveCfg = Release|Any CPU
		{1FF0EEB2-2A0F-4833-9FD4-4963B245FBF8}.Release|Any CPU.Build.0 = Release|Any CPU
		{131D4F86-5C73-424A-E6B7-92622531BF3B}.Debug|Any CPU.ActiveCfg = Debug|Any CPU
		{131D4F86-5C73-424A-E6B7-92622531BF3B}.Debug|Any CPU.Build.0 = Debug|Any CPU
		{131D4F86-5C73-424A-E6B7-92622531BF3B}.Release|Any CPU.ActiveCfg = Release|Any CPU
		{131D4F86-5C73-424A-E6B7-92622531BF3B}.Release|Any CPU.Build.0 = Release|Any CPU
		{C3F9086C-8C01-1B19-E694-2116C7FFB93F}.Debug|Any CPU.ActiveCfg = Debug|Any CPU
		{C3F9086C-8C01-1B19-E694-2116C7FFB93F}.Debug|Any CPU.Build.0 = Debug|Any CPU
		{C3F9086C-8C01-1B19-E694-2116C7FFB93F}.Release|Any CPU.ActiveCfg = Release|Any CPU
		{C3F9086C-8C01-1B19-E694-2116C7FFB93F}.Release|Any CPU.Build.0 = Release|Any CPU
		{F898235E-F6FC-AF07-7F82-5BD9D7E5771F}.Debug|Any CPU.ActiveCfg = Debug|Any CPU
		{F898235E-F6FC-AF07-7F82-5BD9D7E5771F}.Debug|Any CPU.Build.0 = Debug|Any CPU
		{F898235E-F6FC-AF07-7F82-5BD9D7E5771F}.Release|Any CPU.ActiveCfg = Release|Any CPU
		{F898235E-F6FC-AF07-7F82-5BD9D7E5771F}.Release|Any CPU.Build.0 = Release|Any CPU
		{6FA3EA87-4AD4-C753-050F-F8C5416EF14F}.Debug|Any CPU.ActiveCfg = Debug|Any CPU
		{6FA3EA87-4AD4-C753-050F-F8C5416EF14F}.Debug|Any CPU.Build.0 = Debug|Any CPU
		{6FA3EA87-4AD4-C753-050F-F8C5416EF14F}.Release|Any CPU.ActiveCfg = Release|Any CPU
		{6FA3EA87-4AD4-C753-050F-F8C5416EF14F}.Release|Any CPU.Build.0 = Release|Any CPU
		{99D085BE-310E-EA21-4628-0E89C0EF6F69}.Debug|Any CPU.ActiveCfg = Debug|Any CPU
		{99D085BE-310E-EA21-4628-0E89C0EF6F69}.Debug|Any CPU.Build.0 = Debug|Any CPU
		{99D085BE-310E-EA21-4628-0E89C0EF6F69}.Release|Any CPU.ActiveCfg = Release|Any CPU
		{99D085BE-310E-EA21-4628-0E89C0EF6F69}.Release|Any CPU.Build.0 = Release|Any CPU
		{4DD44BB2-BE2E-773C-555C-8E9D49A134DE}.Debug|Any CPU.ActiveCfg = Debug|Any CPU
		{4DD44BB2-BE2E-773C-555C-8E9D49A134DE}.Debug|Any CPU.Build.0 = Debug|Any CPU
		{4DD44BB2-BE2E-773C-555C-8E9D49A134DE}.Release|Any CPU.ActiveCfg = Release|Any CPU
		{4DD44BB2-BE2E-773C-555C-8E9D49A134DE}.Release|Any CPU.Build.0 = Release|Any CPU
		{4F48AACC-B9E9-4D90-F9E4-79CDEEF963A3}.Debug|Any CPU.ActiveCfg = Debug|Any CPU
		{4F48AACC-B9E9-4D90-F9E4-79CDEEF963A3}.Debug|Any CPU.Build.0 = Debug|Any CPU
		{4F48AACC-B9E9-4D90-F9E4-79CDEEF963A3}.Release|Any CPU.ActiveCfg = Release|Any CPU
		{4F48AACC-B9E9-4D90-F9E4-79CDEEF963A3}.Release|Any CPU.Build.0 = Release|Any CPU
		{9981C42E-6B59-027E-2EA6-1D63DBA15BB0}.Debug|Any CPU.ActiveCfg = Debug|Any CPU
		{9981C42E-6B59-027E-2EA6-1D63DBA15BB0}.Debug|Any CPU.Build.0 = Debug|Any CPU
		{9981C42E-6B59-027E-2EA6-1D63DBA15BB0}.Release|Any CPU.ActiveCfg = Release|Any CPU
		{9981C42E-6B59-027E-2EA6-1D63DBA15BB0}.Release|Any CPU.Build.0 = Release|Any CPU
		{AE313A77-4479-C014-CB95-7DA6E0CB2814}.Debug|Any CPU.ActiveCfg = Debug|Any CPU
		{AE313A77-4479-C014-CB95-7DA6E0CB2814}.Debug|Any CPU.Build.0 = Debug|Any CPU
		{AE313A77-4479-C014-CB95-7DA6E0CB2814}.Release|Any CPU.ActiveCfg = Release|Any CPU
		{AE313A77-4479-C014-CB95-7DA6E0CB2814}.Release|Any CPU.Build.0 = Release|Any CPU
		{85AAD670-4789-05B5-D72D-840FB2897CF6}.Debug|Any CPU.ActiveCfg = Debug|Any CPU
		{85AAD670-4789-05B5-D72D-840FB2897CF6}.Debug|Any CPU.Build.0 = Debug|Any CPU
		{85AAD670-4789-05B5-D72D-840FB2897CF6}.Release|Any CPU.ActiveCfg = Release|Any CPU
		{85AAD670-4789-05B5-D72D-840FB2897CF6}.Release|Any CPU.Build.0 = Release|Any CPU
		{707398B8-399F-2EE9-54BA-952F28D68852}.Debug|Any CPU.ActiveCfg = Debug|Any CPU
		{707398B8-399F-2EE9-54BA-952F28D68852}.Debug|Any CPU.Build.0 = Debug|Any CPU
		{707398B8-399F-2EE9-54BA-952F28D68852}.Release|Any CPU.ActiveCfg = Release|Any CPU
		{707398B8-399F-2EE9-54BA-952F28D68852}.Release|Any CPU.Build.0 = Release|Any CPU
		{731EF8CD-5A4A-753F-8186-8CB45ABBE78A}.Debug|Any CPU.ActiveCfg = Debug|Any CPU
		{731EF8CD-5A4A-753F-8186-8CB45ABBE78A}.Debug|Any CPU.Build.0 = Debug|Any CPU
		{731EF8CD-5A4A-753F-8186-8CB45ABBE78A}.Release|Any CPU.ActiveCfg = Release|Any CPU
		{731EF8CD-5A4A-753F-8186-8CB45ABBE78A}.Release|Any CPU.Build.0 = Release|Any CPU
		{82CC493F-59FF-719C-533E-2EA055D84436}.Debug|Any CPU.ActiveCfg = Debug|Any CPU
		{82CC493F-59FF-719C-533E-2EA055D84436}.Debug|Any CPU.Build.0 = Debug|Any CPU
		{82CC493F-59FF-719C-533E-2EA055D84436}.Release|Any CPU.ActiveCfg = Release|Any CPU
		{82CC493F-59FF-719C-533E-2EA055D84436}.Release|Any CPU.Build.0 = Release|Any CPU
		{46A5F04F-F2C3-BB3A-66A8-132145B42FD3}.Debug|Any CPU.ActiveCfg = Debug|Any CPU
		{46A5F04F-F2C3-BB3A-66A8-132145B42FD3}.Debug|Any CPU.Build.0 = Debug|Any CPU
		{46A5F04F-F2C3-BB3A-66A8-132145B42FD3}.Release|Any CPU.ActiveCfg = Release|Any CPU
		{46A5F04F-F2C3-BB3A-66A8-132145B42FD3}.Release|Any CPU.Build.0 = Release|Any CPU
		{95344AD7-F4B9-43F8-1170-23DB1464AC79}.Debug|Any CPU.ActiveCfg = Debug|Any CPU
		{95344AD7-F4B9-43F8-1170-23DB1464AC79}.Debug|Any CPU.Build.0 = Debug|Any CPU
		{95344AD7-F4B9-43F8-1170-23DB1464AC79}.Release|Any CPU.ActiveCfg = Release|Any CPU
		{95344AD7-F4B9-43F8-1170-23DB1464AC79}.Release|Any CPU.Build.0 = Release|Any CPU
		{C65BB12F-F3DC-FC59-502E-CBEAC7CC704C}.Debug|Any CPU.ActiveCfg = Debug|Any CPU
		{C65BB12F-F3DC-FC59-502E-CBEAC7CC704C}.Debug|Any CPU.Build.0 = Debug|Any CPU
		{C65BB12F-F3DC-FC59-502E-CBEAC7CC704C}.Release|Any CPU.ActiveCfg = Release|Any CPU
		{C65BB12F-F3DC-FC59-502E-CBEAC7CC704C}.Release|Any CPU.Build.0 = Release|Any CPU
		{219B39C0-6BAE-32A6-EC30-E7863E2105FA}.Debug|Any CPU.ActiveCfg = Debug|Any CPU
		{219B39C0-6BAE-32A6-EC30-E7863E2105FA}.Debug|Any CPU.Build.0 = Debug|Any CPU
		{219B39C0-6BAE-32A6-EC30-E7863E2105FA}.Release|Any CPU.ActiveCfg = Release|Any CPU
		{219B39C0-6BAE-32A6-EC30-E7863E2105FA}.Release|Any CPU.Build.0 = Release|Any CPU
		{7FA2E8A6-29D1-64CF-CE29-8DD4ED72EF9B}.Debug|Any CPU.ActiveCfg = Debug|Any CPU
		{7FA2E8A6-29D1-64CF-CE29-8DD4ED72EF9B}.Debug|Any CPU.Build.0 = Debug|Any CPU
		{7FA2E8A6-29D1-64CF-CE29-8DD4ED72EF9B}.Release|Any CPU.ActiveCfg = Release|Any CPU
		{7FA2E8A6-29D1-64CF-CE29-8DD4ED72EF9B}.Release|Any CPU.Build.0 = Release|Any CPU
		{848FFF5D-9D13-44B8-F2F8-3317770C8B5B}.Debug|Any CPU.ActiveCfg = Debug|Any CPU
		{848FFF5D-9D13-44B8-F2F8-3317770C8B5B}.Debug|Any CPU.Build.0 = Debug|Any CPU
		{848FFF5D-9D13-44B8-F2F8-3317770C8B5B}.Release|Any CPU.ActiveCfg = Release|Any CPU
		{848FFF5D-9D13-44B8-F2F8-3317770C8B5B}.Release|Any CPU.Build.0 = Release|Any CPU
		{715CC798-6AD9-1480-2968-433EED92092E}.Debug|Any CPU.ActiveCfg = Debug|Any CPU
		{715CC798-6AD9-1480-2968-433EED92092E}.Debug|Any CPU.Build.0 = Debug|Any CPU
		{715CC798-6AD9-1480-2968-433EED92092E}.Release|Any CPU.ActiveCfg = Release|Any CPU
		{715CC798-6AD9-1480-2968-433EED92092E}.Release|Any CPU.Build.0 = Release|Any CPU
		{ED6B215F-306E-F0BB-2715-971D94271EF0}.Debug|Any CPU.ActiveCfg = Debug|Any CPU
		{ED6B215F-306E-F0BB-2715-971D94271EF0}.Debug|Any CPU.Build.0 = Debug|Any CPU
		{ED6B215F-306E-F0BB-2715-971D94271EF0}.Release|Any CPU.ActiveCfg = Release|Any CPU
		{ED6B215F-306E-F0BB-2715-971D94271EF0}.Release|Any CPU.Build.0 = Release|Any CPU
		{BE3453C4-CA8C-A646-076F-DDF100295363}.Debug|Any CPU.ActiveCfg = Debug|Any CPU
		{BE3453C4-CA8C-A646-076F-DDF100295363}.Debug|Any CPU.Build.0 = Debug|Any CPU
		{BE3453C4-CA8C-A646-076F-DDF100295363}.Release|Any CPU.ActiveCfg = Release|Any CPU
		{BE3453C4-CA8C-A646-076F-DDF100295363}.Release|Any CPU.Build.0 = Release|Any CPU
		{0FBBA187-CE17-99EB-DC72-E1518E91F4F0}.Debug|Any CPU.ActiveCfg = Debug|Any CPU
		{0FBBA187-CE17-99EB-DC72-E1518E91F4F0}.Debug|Any CPU.Build.0 = Debug|Any CPU
		{0FBBA187-CE17-99EB-DC72-E1518E91F4F0}.Release|Any CPU.ActiveCfg = Release|Any CPU
		{0FBBA187-CE17-99EB-DC72-E1518E91F4F0}.Release|Any CPU.Build.0 = Release|Any CPU
		{3A7F74C7-6259-5560-834A-2FB26C2E519C}.Debug|Any CPU.ActiveCfg = Debug|Any CPU
		{3A7F74C7-6259-5560-834A-2FB26C2E519C}.Debug|Any CPU.Build.0 = Debug|Any CPU
		{3A7F74C7-6259-5560-834A-2FB26C2E519C}.Release|Any CPU.ActiveCfg = Release|Any CPU
		{3A7F74C7-6259-5560-834A-2FB26C2E519C}.Release|Any CPU.Build.0 = Release|Any CPU
		{08510DAB-3FEE-D4D3-2A30-2D860D40C4F9}.Debug|Any CPU.ActiveCfg = Debug|Any CPU
		{08510DAB-3FEE-D4D3-2A30-2D860D40C4F9}.Debug|Any CPU.Build.0 = Debug|Any CPU
		{08510DAB-3FEE-D4D3-2A30-2D860D40C4F9}.Release|Any CPU.ActiveCfg = Release|Any CPU
		{08510DAB-3FEE-D4D3-2A30-2D860D40C4F9}.Release|Any CPU.Build.0 = Release|Any CPU
		{AA60A6A3-11DF-3A9C-69FD-8D8C2CE33219}.Debug|Any CPU.ActiveCfg = Debug|Any CPU
		{AA60A6A3-11DF-3A9C-69FD-8D8C2CE33219}.Debug|Any CPU.Build.0 = Debug|Any CPU
		{AA60A6A3-11DF-3A9C-69FD-8D8C2CE33219}.Release|Any CPU.ActiveCfg = Release|Any CPU
		{AA60A6A3-11DF-3A9C-69FD-8D8C2CE33219}.Release|Any CPU.Build.0 = Release|Any CPU
		{7E9B7179-00C4-BF62-1513-F04B4AB60722}.Debug|Any CPU.ActiveCfg = Debug|Any CPU
		{7E9B7179-00C4-BF62-1513-F04B4AB60722}.Debug|Any CPU.Build.0 = Debug|Any CPU
		{7E9B7179-00C4-BF62-1513-F04B4AB60722}.Release|Any CPU.ActiveCfg = Release|Any CPU
		{7E9B7179-00C4-BF62-1513-F04B4AB60722}.Release|Any CPU.Build.0 = Release|Any CPU
		{7ADF6E25-44A5-3DBC-4F1E-D51F52A9C2E5}.Debug|Any CPU.ActiveCfg = Debug|Any CPU
		{7ADF6E25-44A5-3DBC-4F1E-D51F52A9C2E5}.Debug|Any CPU.Build.0 = Debug|Any CPU
		{7ADF6E25-44A5-3DBC-4F1E-D51F52A9C2E5}.Release|Any CPU.ActiveCfg = Release|Any CPU
		{7ADF6E25-44A5-3DBC-4F1E-D51F52A9C2E5}.Release|Any CPU.Build.0 = Release|Any CPU
		{C438BA49-9224-931B-BD33-2817BD51D9AE}.Debug|Any CPU.ActiveCfg = Debug|Any CPU
		{C438BA49-9224-931B-BD33-2817BD51D9AE}.Debug|Any CPU.Build.0 = Debug|Any CPU
		{C438BA49-9224-931B-BD33-2817BD51D9AE}.Release|Any CPU.ActiveCfg = Release|Any CPU
		{C438BA49-9224-931B-BD33-2817BD51D9AE}.Release|Any CPU.Build.0 = Release|Any CPU
		{428C0CD9-88FA-4C87-93F5-29A952FD7655}.Debug|Any CPU.ActiveCfg = Debug|Any CPU
		{428C0CD9-88FA-4C87-93F5-29A952FD7655}.Debug|Any CPU.Build.0 = Debug|Any CPU
		{428C0CD9-88FA-4C87-93F5-29A952FD7655}.Release|Any CPU.ActiveCfg = Release|Any CPU
		{428C0CD9-88FA-4C87-93F5-29A952FD7655}.Release|Any CPU.Build.0 = Release|Any CPU
		{E4D1FFAB-BA26-5A3D-28B8-3C4DA3DD62E7}.Debug|Any CPU.ActiveCfg = Debug|Any CPU
		{E4D1FFAB-BA26-5A3D-28B8-3C4DA3DD62E7}.Debug|Any CPU.Build.0 = Debug|Any CPU
		{E4D1FFAB-BA26-5A3D-28B8-3C4DA3DD62E7}.Release|Any CPU.ActiveCfg = Release|Any CPU
		{E4D1FFAB-BA26-5A3D-28B8-3C4DA3DD62E7}.Release|Any CPU.Build.0 = Release|Any CPU
		{6903A831-FED6-E7E6-D73D-0AFC4DB68F5B}.Debug|Any CPU.ActiveCfg = Debug|Any CPU
		{6903A831-FED6-E7E6-D73D-0AFC4DB68F5B}.Debug|Any CPU.Build.0 = Debug|Any CPU
		{6903A831-FED6-E7E6-D73D-0AFC4DB68F5B}.Release|Any CPU.ActiveCfg = Release|Any CPU
		{6903A831-FED6-E7E6-D73D-0AFC4DB68F5B}.Release|Any CPU.Build.0 = Release|Any CPU
		{D101D634-9543-D10E-5329-8F04ABC67FB2}.Debug|Any CPU.ActiveCfg = Debug|Any CPU
		{D101D634-9543-D10E-5329-8F04ABC67FB2}.Debug|Any CPU.Build.0 = Debug|Any CPU
		{D101D634-9543-D10E-5329-8F04ABC67FB2}.Release|Any CPU.ActiveCfg = Release|Any CPU
		{D101D634-9543-D10E-5329-8F04ABC67FB2}.Release|Any CPU.Build.0 = Release|Any CPU
		{5CCB7A48-7727-3CD4-480F-A5E56E29AB56}.Debug|Any CPU.ActiveCfg = Debug|Any CPU
		{5CCB7A48-7727-3CD4-480F-A5E56E29AB56}.Debug|Any CPU.Build.0 = Debug|Any CPU
		{5CCB7A48-7727-3CD4-480F-A5E56E29AB56}.Release|Any CPU.ActiveCfg = Release|Any CPU
		{5CCB7A48-7727-3CD4-480F-A5E56E29AB56}.Release|Any CPU.Build.0 = Release|Any CPU
		{2B134596-26B6-B218-0D17-3F7DC4B7AAE1}.Debug|Any CPU.ActiveCfg = Debug|Any CPU
		{2B134596-26B6-B218-0D17-3F7DC4B7AAE1}.Debug|Any CPU.Build.0 = Debug|Any CPU
		{2B134596-26B6-B218-0D17-3F7DC4B7AAE1}.Release|Any CPU.ActiveCfg = Release|Any CPU
		{2B134596-26B6-B218-0D17-3F7DC4B7AAE1}.Release|Any CPU.Build.0 = Release|Any CPU
		{727D498D-E577-04A7-121E-24AED29426F0}.Debug|Any CPU.ActiveCfg = Debug|Any CPU
		{727D498D-E577-04A7-121E-24AED29426F0}.Debug|Any CPU.Build.0 = Debug|Any CPU
		{727D498D-E577-04A7-121E-24AED29426F0}.Release|Any CPU.ActiveCfg = Release|Any CPU
		{727D498D-E577-04A7-121E-24AED29426F0}.Release|Any CPU.Build.0 = Release|Any CPU
		{4F317BE1-5136-1FC0-0F26-1180C8D4D60C}.Debug|Any CPU.ActiveCfg = Debug|Any CPU
		{4F317BE1-5136-1FC0-0F26-1180C8D4D60C}.Debug|Any CPU.Build.0 = Debug|Any CPU
		{4F317BE1-5136-1FC0-0F26-1180C8D4D60C}.Release|Any CPU.ActiveCfg = Release|Any CPU
		{4F317BE1-5136-1FC0-0F26-1180C8D4D60C}.Release|Any CPU.Build.0 = Release|Any CPU
		{E825AE9C-94E4-0D8A-A6F3-FE1D5EB145E9}.Debug|Any CPU.ActiveCfg = Debug|Any CPU
		{E825AE9C-94E4-0D8A-A6F3-FE1D5EB145E9}.Debug|Any CPU.Build.0 = Debug|Any CPU
		{E825AE9C-94E4-0D8A-A6F3-FE1D5EB145E9}.Release|Any CPU.ActiveCfg = Release|Any CPU
		{E825AE9C-94E4-0D8A-A6F3-FE1D5EB145E9}.Release|Any CPU.Build.0 = Release|Any CPU
		{3478D24B-CFE9-24FC-3F0F-90444E9EAD16}.Debug|Any CPU.ActiveCfg = Debug|Any CPU
		{3478D24B-CFE9-24FC-3F0F-90444E9EAD16}.Debug|Any CPU.Build.0 = Debug|Any CPU
		{3478D24B-CFE9-24FC-3F0F-90444E9EAD16}.Release|Any CPU.ActiveCfg = Release|Any CPU
		{3478D24B-CFE9-24FC-3F0F-90444E9EAD16}.Release|Any CPU.Build.0 = Release|Any CPU
		{A40CFC3B-E34F-9A91-A2BE-D1DF646EA0D5}.Debug|Any CPU.ActiveCfg = Debug|Any CPU
		{A40CFC3B-E34F-9A91-A2BE-D1DF646EA0D5}.Debug|Any CPU.Build.0 = Debug|Any CPU
		{A40CFC3B-E34F-9A91-A2BE-D1DF646EA0D5}.Release|Any CPU.ActiveCfg = Release|Any CPU
		{A40CFC3B-E34F-9A91-A2BE-D1DF646EA0D5}.Release|Any CPU.Build.0 = Release|Any CPU
		{943AEA2D-5794-091F-638C-EB106C886FC8}.Debug|Any CPU.ActiveCfg = Debug|Any CPU
		{943AEA2D-5794-091F-638C-EB106C886FC8}.Debug|Any CPU.Build.0 = Debug|Any CPU
		{943AEA2D-5794-091F-638C-EB106C886FC8}.Release|Any CPU.ActiveCfg = Release|Any CPU
		{943AEA2D-5794-091F-638C-EB106C886FC8}.Release|Any CPU.Build.0 = Release|Any CPU
		{9F217200-474A-7763-9D7D-E7B84317A461}.Debug|Any CPU.ActiveCfg = Debug|Any CPU
		{9F217200-474A-7763-9D7D-E7B84317A461}.Debug|Any CPU.Build.0 = Debug|Any CPU
		{9F217200-474A-7763-9D7D-E7B84317A461}.Release|Any CPU.ActiveCfg = Release|Any CPU
		{9F217200-474A-7763-9D7D-E7B84317A461}.Release|Any CPU.Build.0 = Release|Any CPU
		{1A126B42-E83E-4CD4-4675-1AD2E3F9357C}.Debug|Any CPU.ActiveCfg = Debug|Any CPU
		{1A126B42-E83E-4CD4-4675-1AD2E3F9357C}.Debug|Any CPU.Build.0 = Debug|Any CPU
		{1A126B42-E83E-4CD4-4675-1AD2E3F9357C}.Release|Any CPU.ActiveCfg = Release|Any CPU
		{1A126B42-E83E-4CD4-4675-1AD2E3F9357C}.Release|Any CPU.Build.0 = Release|Any CPU
		{BF251283-886E-65D0-9350-D74912D3E03E}.Debug|Any CPU.ActiveCfg = Debug|Any CPU
		{BF251283-886E-65D0-9350-D74912D3E03E}.Debug|Any CPU.Build.0 = Debug|Any CPU
		{BF251283-886E-65D0-9350-D74912D3E03E}.Release|Any CPU.ActiveCfg = Release|Any CPU
		{BF251283-886E-65D0-9350-D74912D3E03E}.Release|Any CPU.Build.0 = Release|Any CPU
		{4216206E-71EE-7638-842F-E22370EF34A2}.Debug|Any CPU.ActiveCfg = Debug|Any CPU
		{4216206E-71EE-7638-842F-E22370EF34A2}.Debug|Any CPU.Build.0 = Debug|Any CPU
		{4216206E-71EE-7638-842F-E22370EF34A2}.Release|Any CPU.ActiveCfg = Release|Any CPU
		{4216206E-71EE-7638-842F-E22370EF34A2}.Release|Any CPU.Build.0 = Release|Any CPU
		{AE889837-F2DC-3971-9AC7-A0E7D5B2C7DA}.Debug|Any CPU.ActiveCfg = Debug|Any CPU
		{AE889837-F2DC-3971-9AC7-A0E7D5B2C7DA}.Debug|Any CPU.Build.0 = Debug|Any CPU
		{AE889837-F2DC-3971-9AC7-A0E7D5B2C7DA}.Release|Any CPU.ActiveCfg = Release|Any CPU
		{AE889837-F2DC-3971-9AC7-A0E7D5B2C7DA}.Release|Any CPU.Build.0 = Release|Any CPU
		{1AE2307B-BF90-EF48-3951-B4AD812B3BC6}.Debug|Any CPU.ActiveCfg = Debug|Any CPU
		{1AE2307B-BF90-EF48-3951-B4AD812B3BC6}.Debug|Any CPU.Build.0 = Debug|Any CPU
		{1AE2307B-BF90-EF48-3951-B4AD812B3BC6}.Release|Any CPU.ActiveCfg = Release|Any CPU
		{1AE2307B-BF90-EF48-3951-B4AD812B3BC6}.Release|Any CPU.Build.0 = Release|Any CPU
		{3A87C4B4-DE6C-4BE7-337A-AEB262D25787}.Debug|Any CPU.ActiveCfg = Debug|Any CPU
		{3A87C4B4-DE6C-4BE7-337A-AEB262D25787}.Debug|Any CPU.Build.0 = Debug|Any CPU
		{3A87C4B4-DE6C-4BE7-337A-AEB262D25787}.Release|Any CPU.ActiveCfg = Release|Any CPU
		{3A87C4B4-DE6C-4BE7-337A-AEB262D25787}.Release|Any CPU.Build.0 = Release|Any CPU
		{58499BCD-9E2C-67B7-E1B4-385F562FA742}.Debug|Any CPU.ActiveCfg = Debug|Any CPU
		{58499BCD-9E2C-67B7-E1B4-385F562FA742}.Debug|Any CPU.Build.0 = Debug|Any CPU
		{58499BCD-9E2C-67B7-E1B4-385F562FA742}.Release|Any CPU.ActiveCfg = Release|Any CPU
		{58499BCD-9E2C-67B7-E1B4-385F562FA742}.Release|Any CPU.Build.0 = Release|Any CPU
		{07DBB47D-648D-DCDF-03C9-12AACE9AE4CC}.Debug|Any CPU.ActiveCfg = Debug|Any CPU
		{07DBB47D-648D-DCDF-03C9-12AACE9AE4CC}.Debug|Any CPU.Build.0 = Debug|Any CPU
		{07DBB47D-648D-DCDF-03C9-12AACE9AE4CC}.Release|Any CPU.ActiveCfg = Release|Any CPU
		{07DBB47D-648D-DCDF-03C9-12AACE9AE4CC}.Release|Any CPU.Build.0 = Release|Any CPU
		{EC18DAB2-A9C6-E208-443F-123D9938E24A}.Debug|Any CPU.ActiveCfg = Debug|Any CPU
		{EC18DAB2-A9C6-E208-443F-123D9938E24A}.Debug|Any CPU.Build.0 = Debug|Any CPU
		{EC18DAB2-A9C6-E208-443F-123D9938E24A}.Release|Any CPU.ActiveCfg = Release|Any CPU
		{EC18DAB2-A9C6-E208-443F-123D9938E24A}.Release|Any CPU.Build.0 = Release|Any CPU
		{55484038-26E5-E2F7-C863-21F5DC770647}.Debug|Any CPU.ActiveCfg = Debug|Any CPU
		{55484038-26E5-E2F7-C863-21F5DC770647}.Debug|Any CPU.Build.0 = Debug|Any CPU
		{55484038-26E5-E2F7-C863-21F5DC770647}.Release|Any CPU.ActiveCfg = Release|Any CPU
		{55484038-26E5-E2F7-C863-21F5DC770647}.Release|Any CPU.Build.0 = Release|Any CPU
		{EDE8108E-E58F-C5B0-430A-D54C5D5009B0}.Debug|Any CPU.ActiveCfg = Debug|Any CPU
		{EDE8108E-E58F-C5B0-430A-D54C5D5009B0}.Debug|Any CPU.Build.0 = Debug|Any CPU
		{EDE8108E-E58F-C5B0-430A-D54C5D5009B0}.Release|Any CPU.ActiveCfg = Release|Any CPU
		{EDE8108E-E58F-C5B0-430A-D54C5D5009B0}.Release|Any CPU.Build.0 = Release|Any CPU
	EndGlobalSection
	GlobalSection(SolutionProperties) = preSolution
		HideSolutionNode = FALSE
	EndGlobalSection
EndGlobal
